
Microsoft Visual Studio Solution File, Format Version 12.00
# Visual Studio Version 16
VisualStudioVersion = 16.0.29215.179
MinimumVisualStudioVersion = 10.0.40219.1
Project("{FAE04EC0-301F-11D3-BF4B-00C04F79EFBC}") = "UIpulsaciones", "UIpulsaciones\UIpulsaciones.csproj", "{A689BF7F-ABD0-4C9A-9B33-288994E2FA97}"
EndProject
Global
	GlobalSection(SolutionConfigurationPlatforms) = preSolution
		Debug|Any CPU = Debug|Any CPU
		Release|Any CPU = Release|Any CPU
	EndGlobalSection
	GlobalSection(ProjectConfigurationPlatforms) = postSolution
		{A689BF7F-ABD0-4C9A-9B33-288994E2FA97}.Debug|Any CPU.ActiveCfg = Debug|Any CPU
		{A689BF7F-ABD0-4C9A-9B33-288994E2FA97}.Debug|Any CPU.Build.0 = Debug|Any CPU
		{A689BF7F-ABD0-4C9A-9B33-288994E2FA97}.Release|Any CPU.ActiveCfg = Release|Any CPU
		{A689BF7F-ABD0-4C9A-9B33-288994E2FA97}.Release|Any CPU.Build.0 = Release|Any CPU
	EndGlobalSection
	GlobalSection(SolutionProperties) = preSolution
		HideSolutionNode = FALSE
	EndGlobalSection
	GlobalSection(ExtensibilityGlobals) = postSolution
		SolutionGuid = {672F784C-87CE-427B-9E16-E1FED7AFC242}
	EndGlobalSection
EndGlobal
